
Microsoft Visual Studio Solution File, Format Version 12.00
# Visual Studio Version 17
VisualStudioVersion = 17.4.33213.308
MinimumVisualStudioVersion = 10.0.40219.1
Project("{FAE04EC0-301F-11D3-BF4B-00C04F79EFBC}") = "my-books", "my-books\my-books.csproj", "{36B4C1D4-ED5F-458F-B558-3B96E5FB7B4C}"
EndProject
Global
	GlobalSection(SolutionConfigurationPlatforms) = preSolution
		Debug|Any CPU = Debug|Any CPU
		Release|Any CPU = Release|Any CPU
	EndGlobalSection
	GlobalSection(ProjectConfigurationPlatforms) = postSolution
		{36B4C1D4-ED5F-458F-B558-3B96E5FB7B4C}.Debug|Any CPU.ActiveCfg = Debug|Any CPU
		{36B4C1D4-ED5F-458F-B558-3B96E5FB7B4C}.Debug|Any CPU.Build.0 = Debug|Any CPU
		{36B4C1D4-ED5F-458F-B558-3B96E5FB7B4C}.Release|Any CPU.ActiveCfg = Release|Any CPU
		{36B4C1D4-ED5F-458F-B558-3B96E5FB7B4C}.Release|Any CPU.Build.0 = Release|Any CPU
	EndGlobalSection
	GlobalSection(SolutionProperties) = preSolution
		HideSolutionNode = FALSE
	EndGlobalSection
	GlobalSection(ExtensibilityGlobals) = postSolution
		SolutionGuid = {0BAFBBDD-1D7F-4EC8-A931-2E35FD07A993}
	EndGlobalSection
EndGlobal
